
Microsoft Visual Studio Solution File, Format Version 12.00
# Visual Studio Version 17
VisualStudioVersion = 17.11.35327.3
MinimumVisualStudioVersion = 10.0.40219.1
Project("{FAE04EC0-301F-11D3-BF4B-00C04F79EFBC}") = "MillionaireGame", "MillionaireGame\MillionaireGame.csproj", "{80E2919E-9810-4DC5-B45D-5520242E46E5}"
EndProject
Global
	GlobalSection(SolutionConfigurationPlatforms) = preSolution
		Debug|Any CPU = Debug|Any CPU
		Release|Any CPU = Release|Any CPU
	EndGlobalSection
	GlobalSection(ProjectConfigurationPlatforms) = postSolution
		{80E2919E-9810-4DC5-B45D-5520242E46E5}.Debug|Any CPU.ActiveCfg = Debug|Any CPU
		{80E2919E-9810-4DC5-B45D-5520242E46E5}.Debug|Any CPU.Build.0 = Debug|Any CPU
		{80E2919E-9810-4DC5-B45D-5520242E46E5}.Release|Any CPU.ActiveCfg = Release|Any CPU
		{80E2919E-9810-4DC5-B45D-5520242E46E5}.Release|Any CPU.Build.0 = Release|Any CPU
	EndGlobalSection
	GlobalSection(SolutionProperties) = preSolution
		HideSolutionNode = FALSE
	EndGlobalSection
	GlobalSection(ExtensibilityGlobals) = postSolution
		SolutionGuid = {7ABAC1E9-63BE-47E3-9B69-D3D28A58F0B5}
	EndGlobalSection
EndGlobal
